
Microsoft Visual Studio Solution File, Format Version 12.00
# Visual Studio Version 17
VisualStudioVersion = 17.3.32929.385
MinimumVisualStudioVersion = 10.0.40219.1
Project("{8BC9CEB8-8B4A-11D0-8D11-00A0C91BC942}") = "ConsoleApplication8", "ConsoleApplication8\ConsoleApplication8.vcxproj", "{01F70D93-0D19-4EEA-85AE-D6A920D8963C}"
EndProject
Global
	GlobalSection(SolutionConfigurationPlatforms) = preSolution
		Debug|x64 = Debug|x64
		Debug|x86 = Debug|x86
		Release|x64 = Release|x64
		Release|x86 = Release|x86
	EndGlobalSection
	GlobalSection(ProjectConfigurationPlatforms) = postSolution
		{01F70D93-0D19-4EEA-85AE-D6A920D8963C}.Debug|x64.ActiveCfg = Debug|x64
		{01F70D93-0D19-4EEA-85AE-D6A920D8963C}.Debug|x64.Build.0 = Debug|x64
		{01F70D93-0D19-4EEA-85AE-D6A920D8963C}.Debug|x86.ActiveCfg = Debug|Win32
		{01F70D93-0D19-4EEA-85AE-D6A920D8963C}.Debug|x86.Build.0 = Debug|Win32
		{01F70D93-0D19-4EEA-85AE-D6A920D8963C}.Release|x64.ActiveCfg = Release|x64
		{01F70D93-0D19-4EEA-85AE-D6A920D8963C}.Release|x64.Build.0 = Release|x64
		{01F70D93-0D19-4EEA-85AE-D6A920D8963C}.Release|x86.ActiveCfg = Release|Win32
		{01F70D93-0D19-4EEA-85AE-D6A920D8963C}.Release|x86.Build.0 = Release|Win32
	EndGlobalSection
	GlobalSection(SolutionProperties) = preSolution
		HideSolutionNode = FALSE
	EndGlobalSection
	GlobalSection(ExtensibilityGlobals) = postSolution
		SolutionGuid = {92F04288-3673-4179-BCAA-716C53364261}
	EndGlobalSection
EndGlobal
